
Microsoft Visual Studio Solution File, Format Version 12.00
# Visual Studio 14
VisualStudioVersion = 14.0.25420.1
MinimumVisualStudioVersion = 10.0.40219.1
Project("{8BC9CEB8-8B4A-11D0-8D11-00A0C91BC942}") = "utility", "library\utility\utility.vcxproj", "{80078CBF-33A9-409C-A0BD-FC71F52B5AE2}"
EndProject
Project("{8BC9CEB8-8B4A-11D0-8D11-00A0C91BC942}") = "base", "library\base\base.vcxproj", "{D5839C5B-1072-41C4-8976-2EADF527AD7A}"
EndProject
Project("{2150E333-8FDC-42A3-9474-1A3956D46DE8}") = "test", "test", "{F092697B-E095-4C2C-89AB-87873495252B}"
EndProject
Project("{8BC9CEB8-8B4A-11D0-8D11-00A0C91BC942}") = "test", "project\test\test.vcxproj", "{24D23809-111C-4C2A-AD15-001D205093F0}"
EndProject
Project("{8BC9CEB8-8B4A-11D0-8D11-00A0C91BC942}") = "database", "library\database\database.vcxproj", "{C5299AFF-287F-4517-A7CB-F12C9ACE7C57}"
EndProject
Project("{8BC9CEB8-8B4A-11D0-8D11-00A0C91BC942}") = "asio", "library\asio\asio.vcxproj", "{A3DED894-B0D0-400B-B80D-DF9796BCBC7B}"
EndProject
Project("{8BC9CEB8-8B4A-11D0-8D11-00A0C91BC942}") = "mysql_api", "library\mysql_api\mysql_api.vcxproj", "{E613D2F0-54EB-42CE-8E2E-9715B053043C}"
EndProject
Project("{8BC9CEB8-8B4A-11D0-8D11-00A0C91BC942}") = "test_utility", "project\test_utility\test_utility.vcxproj", "{D51B08D6-458C-45EA-B4B1-D13E931F8079}"
EndProject
Project("{8BC9CEB8-8B4A-11D0-8D11-00A0C91BC942}") = "test_base", "project\test_base\test_base.vcxproj", "{DE8A9F45-6CEE-4BFC-9C65-0C55935D9A16}"
EndProject
Project("{2150E333-8FDC-42A3-9474-1A3956D46DE8}") = "doc", "doc", "{BE6698AA-0BF2-4609-B315-F5376994EB1D}"
	ProjectSection(SolutionItems) = preProject
		.gitignore = .gitignore
		build\build_module.mk = build\build_module.mk
		README.md = README.md
	EndProjectSection
EndProject
Project("{8BC9CEB8-8B4A-11D0-8D11-00A0C91BC942}") = "alpha", "project\alpha\alpha.vcxproj", "{74B7A9E6-3999-4E25-8EA3-CB0277A76780}"
EndProject
Project("{2150E333-8FDC-42A3-9474-1A3956D46DE8}") = "other", "other", "{F2181D77-163D-4172-860C-C8F8EAAFBFD3}"
EndProject
Project("{8BC9CEB8-8B4A-11D0-8D11-00A0C91BC942}") = "ctp_quote", "project\ctp_quote\ctp_quote.vcxproj", "{AF649E3A-C161-4526-9F31-02881B003EEC}"
EndProject
Project("{8BC9CEB8-8B4A-11D0-8D11-00A0C91BC942}") = "db_sync", "project\db_sync\db_sync.vcxproj", "{496AA9ED-42C4-4215-A0E8-4FA40822E395}"
EndProject
Project("{8BC9CEB8-8B4A-11D0-8D11-00A0C91BC942}") = "fndnet", "library\fndnet\fndnet.vcxproj", "{AAFE5A50-31BE-4353-97D2-706F797B62A1}"
EndProject
Project("{8BC9CEB8-8B4A-11D0-8D11-00A0C91BC942}") = "test_fndnet_c", "project\test_fndnet_c\fndnet_client.vcxproj", "{75BDDCEA-B0E1-4A7C-AC0E-748911E15D88}"
EndProject
Project("{8BC9CEB8-8B4A-11D0-8D11-00A0C91BC942}") = "test_fndnet_s", "project\test_fndnet_s\fndnet_server.vcxproj", "{01277B92-F915-455F-A7A8-1369D300B634}"
EndProject
Project("{2150E333-8FDC-42A3-9474-1A3956D46DE8}") = "lib", "lib", "{C40D92BC-7224-45B9-9295-F07A6014A9F9}"
EndProject
Project("{8BC9CEB8-8B4A-11D0-8D11-00A0C91BC942}") = "ctp_trade", "project\ctp_trade\ctp_trade.vcxproj", "{09A6A459-D194-4480-87F5-5B1B9E4226D9}"
EndProject
Project("{8BC9CEB8-8B4A-11D0-8D11-00A0C91BC942}") = "test_boost", "project\test_boost\test_boost.vcxproj", "{E1F89C96-1E73-49C4-A5CD-DE6ADFFEE129}"
EndProject
Project("{8BC9CEB8-8B4A-11D0-8D11-00A0C91BC942}") = "test_libcurl", "project\test_libcurl\test_libcurl.vcxproj", "{69CC7D50-BB82-4092-9E07-855E83D31DF1}"
EndProject
Project("{8BC9CEB8-8B4A-11D0-8D11-00A0C91BC942}") = "test_mysqlapi", "project\test_mysqlapi\test_mysqlapi.vcxproj", "{AEE63648-E67B-4923-8F83-7F0936CE95AE}"
EndProject
Project("{8BC9CEB8-8B4A-11D0-8D11-00A0C91BC942}") = "liblog", "library\liblog\liblog.vcxproj", "{75A0C4E7-9457-481B-8987-374393B7EC23}"
EndProject
Project("{8BC9CEB8-8B4A-11D0-8D11-00A0C91BC942}") = "test_proto", "project\test_proto\test_proto.vcxproj", "{4436C23A-967B-481D-B41C-EDE862C331EA}"
EndProject
Project("{8BC9CEB8-8B4A-11D0-8D11-00A0C91BC942}") = "test_libeco", "project\reddot\reddot.vcxproj", "{4DE6868E-B135-4A76-B212-DD23C0740F2F}"
EndProject
Project("{8BC9CEB8-8B4A-11D0-8D11-00A0C91BC942}") = "libeco", "library\libeco\libeco.vcxproj", "{2369670A-DC3D-49EF-A80F-EA214A27215C}"
EndProject
Project("{8BC9CEB8-8B4A-11D0-8D11-00A0C91BC942}") = "libmysql", "library\libmysql\libmysql.vcxproj", "{A2F531C4-001A-456F-B9DF-344C6EECD36D}"
EndProject
Project("{8BC9CEB8-8B4A-11D0-8D11-00A0C91BC942}") = "libconfig", "library\libconfig\esunnyconf.vcxproj", "{C00FA4D4-5E85-4AC3-A658-05C550A3B7CE}"
EndProject
Project("{8BC9CEB8-8B4A-11D0-8D11-00A0C91BC942}") = "test_libconfig", "project\test_libconfig\test_libconfig.vcxproj", "{4B72553E-D4B8-40C4-959B-E3BFDF9599D5}"
EndProject
Project("{8BC9CEB8-8B4A-11D0-8D11-00A0C91BC942}") = "test_database", "project\test_database\test_database.vcxproj", "{5971E01B-E2FF-4E1B-90B5-3EED4C4B9218}"
EndProject
Project("{8BC9CEB8-8B4A-11D0-8D11-00A0C91BC942}") = "test_libmysql", "project\test_libmysql\test_libmysql.vcxproj", "{536A85C0-A54E-4573-8304-71F76D25D560}"
EndProject
Project("{888888A0-9F3D-457C-B088-3A5042F75D52}") = "python_app", "project\python_app\python_app.pyproj", "{410F47C4-C16B-45A5-B818-19F6A63B0330}"
EndProject
Project("{8BC9CEB8-8B4A-11D0-8D11-00A0C91BC942}") = "test_evpp", "project\test_evpp\test_evpp.vcxproj", "{9249B894-D3BB-4773-B086-08D7E553E192}"
EndProject
Project("{8BC9CEB8-8B4A-11D0-8D11-00A0C91BC942}") = "libbraun", "library\libbraun\libbraun.vcxproj", "{147BC6BE-F3F4-4B67-ABC4-D7B4A6F5CDB3}"
EndProject
Project("{8BC9CEB8-8B4A-11D0-8D11-00A0C91BC942}") = "test_braun", "project\test_braun\test_braun.vcxproj", "{3AEEF09F-6A3E-4F73-8D42-6415918CBDFD}"
EndProject
Global
	GlobalSection(SolutionConfigurationPlatforms) = preSolution
		Debug|Any CPU = Debug|Any CPU
		Debug|Mixed Platforms = Debug|Mixed Platforms
		Debug|Win32 = Debug|Win32
		Debug|x64 = Debug|x64
		Debug|x86 = Debug|x86
		Release|Any CPU = Release|Any CPU
		Release|Mixed Platforms = Release|Mixed Platforms
		Release|Win32 = Release|Win32
		Release|x64 = Release|x64
		Release|x86 = Release|x86
	EndGlobalSection
	GlobalSection(ProjectConfigurationPlatforms) = postSolution
		{80078CBF-33A9-409C-A0BD-FC71F52B5AE2}.Debug|Any CPU.ActiveCfg = Debug|Win32
		{80078CBF-33A9-409C-A0BD-FC71F52B5AE2}.Debug|Mixed Platforms.ActiveCfg = Debug|Win32
		{80078CBF-33A9-409C-A0BD-FC71F52B5AE2}.Debug|Mixed Platforms.Build.0 = Debug|Win32
		{80078CBF-33A9-409C-A0BD-FC71F52B5AE2}.Debug|Win32.ActiveCfg = Debug|Win32
		{80078CBF-33A9-409C-A0BD-FC71F52B5AE2}.Debug|Win32.Build.0 = Debug|Win32
		{80078CBF-33A9-409C-A0BD-FC71F52B5AE2}.Debug|x64.ActiveCfg = Debug|x64
		{80078CBF-33A9-409C-A0BD-FC71F52B5AE2}.Debug|x64.Build.0 = Debug|x64
		{80078CBF-33A9-409C-A0BD-FC71F52B5AE2}.Debug|x86.ActiveCfg = Debug|Win32
		{80078CBF-33A9-409C-A0BD-FC71F52B5AE2}.Debug|x86.Build.0 = Debug|Win32
		{80078CBF-33A9-409C-A0BD-FC71F52B5AE2}.Release|Any CPU.ActiveCfg = Release|Win32
		{80078CBF-33A9-409C-A0BD-FC71F52B5AE2}.Release|Mixed Platforms.ActiveCfg = Release|Win32
		{80078CBF-33A9-409C-A0BD-FC71F52B5AE2}.Release|Mixed Platforms.Build.0 = Release|Win32
		{80078CBF-33A9-409C-A0BD-FC71F52B5AE2}.Release|Win32.ActiveCfg = Release|Win32
		{80078CBF-33A9-409C-A0BD-FC71F52B5AE2}.Release|Win32.Build.0 = Release|Win32
		{80078CBF-33A9-409C-A0BD-FC71F52B5AE2}.Release|x64.ActiveCfg = Release|x64
		{80078CBF-33A9-409C-A0BD-FC71F52B5AE2}.Release|x64.Build.0 = Release|x64
		{80078CBF-33A9-409C-A0BD-FC71F52B5AE2}.Release|x86.ActiveCfg = Release|Win32
		{80078CBF-33A9-409C-A0BD-FC71F52B5AE2}.Release|x86.Build.0 = Release|Win32
		{D5839C5B-1072-41C4-8976-2EADF527AD7A}.Debug|Any CPU.ActiveCfg = Debug|Win32
		{D5839C5B-1072-41C4-8976-2EADF527AD7A}.Debug|Mixed Platforms.ActiveCfg = Debug|Win32
		{D5839C5B-1072-41C4-8976-2EADF527AD7A}.Debug|Mixed Platforms.Build.0 = Debug|Win32
		{D5839C5B-1072-41C4-8976-2EADF527AD7A}.Debug|Win32.ActiveCfg = Debug|Win32
		{D5839C5B-1072-41C4-8976-2EADF527AD7A}.Debug|Win32.Build.0 = Debug|Win32
		{D5839C5B-1072-41C4-8976-2EADF527AD7A}.Debug|x64.ActiveCfg = Debug|x64
		{D5839C5B-1072-41C4-8976-2EADF527AD7A}.Debug|x64.Build.0 = Debug|x64
		{D5839C5B-1072-41C4-8976-2EADF527AD7A}.Debug|x86.ActiveCfg = Debug|Win32
		{D5839C5B-1072-41C4-8976-2EADF527AD7A}.Debug|x86.Build.0 = Debug|Win32
		{D5839C5B-1072-41C4-8976-2EADF527AD7A}.Release|Any CPU.ActiveCfg = Release|Win32
		{D5839C5B-1072-41C4-8976-2EADF527AD7A}.Release|Mixed Platforms.ActiveCfg = Release|Win32
		{D5839C5B-1072-41C4-8976-2EADF527AD7A}.Release|Mixed Platforms.Build.0 = Release|Win32
		{D5839C5B-1072-41C4-8976-2EADF527AD7A}.Release|Win32.ActiveCfg = Release|Win32
		{D5839C5B-1072-41C4-8976-2EADF527AD7A}.Release|Win32.Build.0 = Release|Win32
		{D5839C5B-1072-41C4-8976-2EADF527AD7A}.Release|x64.ActiveCfg = Release|x64
		{D5839C5B-1072-41C4-8976-2EADF527AD7A}.Release|x64.Build.0 = Release|x64
		{D5839C5B-1072-41C4-8976-2EADF527AD7A}.Release|x86.ActiveCfg = Release|Win32
		{D5839C5B-1072-41C4-8976-2EADF527AD7A}.Release|x86.Build.0 = Release|Win32
		{24D23809-111C-4C2A-AD15-001D205093F0}.Debug|Any CPU.ActiveCfg = Debug|Win32
		{24D23809-111C-4C2A-AD15-001D205093F0}.Debug|Mixed Platforms.ActiveCfg = Debug|Win32
		{24D23809-111C-4C2A-AD15-001D205093F0}.Debug|Mixed Platforms.Build.0 = Debug|Win32
		{24D23809-111C-4C2A-AD15-001D205093F0}.Debug|Win32.ActiveCfg = Debug|Win32
		{24D23809-111C-4C2A-AD15-001D205093F0}.Debug|Win32.Build.0 = Debug|Win32
		{24D23809-111C-4C2A-AD15-001D205093F0}.Debug|x64.ActiveCfg = Debug|x64
		{24D23809-111C-4C2A-AD15-001D205093F0}.Debug|x64.Build.0 = Debug|x64
		{24D23809-111C-4C2A-AD15-001D205093F0}.Debug|x86.ActiveCfg = Debug|Win32
		{24D23809-111C-4C2A-AD15-001D205093F0}.Debug|x86.Build.0 = Debug|Win32
		{24D23809-111C-4C2A-AD15-001D205093F0}.Release|Any CPU.ActiveCfg = Release|Win32
		{24D23809-111C-4C2A-AD15-001D205093F0}.Release|Mixed Platforms.ActiveCfg = Release|Win32
		{24D23809-111C-4C2A-AD15-001D205093F0}.Release|Mixed Platforms.Build.0 = Release|Win32
		{24D23809-111C-4C2A-AD15-001D205093F0}.Release|Win32.ActiveCfg = Release|Win32
		{24D23809-111C-4C2A-AD15-001D205093F0}.Release|Win32.Build.0 = Release|Win32
		{24D23809-111C-4C2A-AD15-001D205093F0}.Release|x64.ActiveCfg = Release|x64
		{24D23809-111C-4C2A-AD15-001D205093F0}.Release|x64.Build.0 = Release|x64
		{24D23809-111C-4C2A-AD15-001D205093F0}.Release|x86.ActiveCfg = Release|Win32
		{24D23809-111C-4C2A-AD15-001D205093F0}.Release|x86.Build.0 = Release|Win32
		{C5299AFF-287F-4517-A7CB-F12C9ACE7C57}.Debug|Any CPU.ActiveCfg = Debug|Win32
		{C5299AFF-287F-4517-A7CB-F12C9ACE7C57}.Debug|Mixed Platforms.ActiveCfg = Debug|Win32
		{C5299AFF-287F-4517-A7CB-F12C9ACE7C57}.Debug|Mixed Platforms.Build.0 = Debug|Win32
		{C5299AFF-287F-4517-A7CB-F12C9ACE7C57}.Debug|Win32.ActiveCfg = Debug|Win32
		{C5299AFF-287F-4517-A7CB-F12C9ACE7C57}.Debug|Win32.Build.0 = Debug|Win32
		{C5299AFF-287F-4517-A7CB-F12C9ACE7C57}.Debug|x64.ActiveCfg = Debug|x64
		{C5299AFF-287F-4517-A7CB-F12C9ACE7C57}.Debug|x64.Build.0 = Debug|x64
		{C5299AFF-287F-4517-A7CB-F12C9ACE7C57}.Debug|x86.ActiveCfg = Debug|Win32
		{C5299AFF-287F-4517-A7CB-F12C9ACE7C57}.Debug|x86.Build.0 = Debug|Win32
		{C5299AFF-287F-4517-A7CB-F12C9ACE7C57}.Release|Any CPU.ActiveCfg = Release|Win32
		{C5299AFF-287F-4517-A7CB-F12C9ACE7C57}.Release|Mixed Platforms.ActiveCfg = Release|Win32
		{C5299AFF-287F-4517-A7CB-F12C9ACE7C57}.Release|Mixed Platforms.Build.0 = Release|Win32
		{C5299AFF-287F-4517-A7CB-F12C9ACE7C57}.Release|Win32.ActiveCfg = Release|Win32
		{C5299AFF-287F-4517-A7CB-F12C9ACE7C57}.Release|Win32.Build.0 = Release|Win32
		{C5299AFF-287F-4517-A7CB-F12C9ACE7C57}.Release|x64.ActiveCfg = Release|x64
		{C5299AFF-287F-4517-A7CB-F12C9ACE7C57}.Release|x64.Build.0 = Release|x64
		{C5299AFF-287F-4517-A7CB-F12C9ACE7C57}.Release|x86.ActiveCfg = Release|Win32
		{C5299AFF-287F-4517-A7CB-F12C9ACE7C57}.Release|x86.Build.0 = Release|Win32
		{A3DED894-B0D0-400B-B80D-DF9796BCBC7B}.Debug|Any CPU.ActiveCfg = Debug|Win32
		{A3DED894-B0D0-400B-B80D-DF9796BCBC7B}.Debug|Mixed Platforms.ActiveCfg = Debug|Win32
		{A3DED894-B0D0-400B-B80D-DF9796BCBC7B}.Debug|Mixed Platforms.Build.0 = Debug|Win32
		{A3DED894-B0D0-400B-B80D-DF9796BCBC7B}.Debug|Win32.ActiveCfg = Debug|Win32
		{A3DED894-B0D0-400B-B80D-DF9796BCBC7B}.Debug|Win32.Build.0 = Debug|Win32
		{A3DED894-B0D0-400B-B80D-DF9796BCBC7B}.Debug|x64.ActiveCfg = Debug|Win32
		{A3DED894-B0D0-400B-B80D-DF9796BCBC7B}.Debug|x86.ActiveCfg = Debug|Win32
		{A3DED894-B0D0-400B-B80D-DF9796BCBC7B}.Debug|x86.Build.0 = Debug|Win32
		{A3DED894-B0D0-400B-B80D-DF9796BCBC7B}.Release|Any CPU.ActiveCfg = Release|Win32
		{A3DED894-B0D0-400B-B80D-DF9796BCBC7B}.Release|Mixed Platforms.ActiveCfg = Release|Win32
		{A3DED894-B0D0-400B-B80D-DF9796BCBC7B}.Release|Mixed Platforms.Build.0 = Release|Win32
		{A3DED894-B0D0-400B-B80D-DF9796BCBC7B}.Release|Win32.ActiveCfg = Release|Win32
		{A3DED894-B0D0-400B-B80D-DF9796BCBC7B}.Release|Win32.Build.0 = Release|Win32
		{A3DED894-B0D0-400B-B80D-DF9796BCBC7B}.Release|x64.ActiveCfg = Release|Win32
		{A3DED894-B0D0-400B-B80D-DF9796BCBC7B}.Release|x86.ActiveCfg = Release|Win32
		{A3DED894-B0D0-400B-B80D-DF9796BCBC7B}.Release|x86.Build.0 = Release|Win32
		{E613D2F0-54EB-42CE-8E2E-9715B053043C}.Debug|Any CPU.ActiveCfg = Debug|Win32
		{E613D2F0-54EB-42CE-8E2E-9715B053043C}.Debug|Mixed Platforms.ActiveCfg = Debug|Win32
		{E613D2F0-54EB-42CE-8E2E-9715B053043C}.Debug|Mixed Platforms.Build.0 = Debug|Win32
		{E613D2F0-54EB-42CE-8E2E-9715B053043C}.Debug|Win32.ActiveCfg = Debug|Win32
		{E613D2F0-54EB-42CE-8E2E-9715B053043C}.Debug|Win32.Build.0 = Debug|Win32
		{E613D2F0-54EB-42CE-8E2E-9715B053043C}.Debug|x64.ActiveCfg = Debug|x64
		{E613D2F0-54EB-42CE-8E2E-9715B053043C}.Debug|x64.Build.0 = Debug|x64
		{E613D2F0-54EB-42CE-8E2E-9715B053043C}.Debug|x86.ActiveCfg = Debug|Win32
		{E613D2F0-54EB-42CE-8E2E-9715B053043C}.Debug|x86.Build.0 = Debug|Win32
		{E613D2F0-54EB-42CE-8E2E-9715B053043C}.Release|Any CPU.ActiveCfg = Release|Win32
		{E613D2F0-54EB-42CE-8E2E-9715B053043C}.Release|Mixed Platforms.ActiveCfg = Release|Win32
		{E613D2F0-54EB-42CE-8E2E-9715B053043C}.Release|Mixed Platforms.Build.0 = Release|Win32
		{E613D2F0-54EB-42CE-8E2E-9715B053043C}.Release|Win32.ActiveCfg = Release|Win32
		{E613D2F0-54EB-42CE-8E2E-9715B053043C}.Release|Win32.Build.0 = Release|Win32
		{E613D2F0-54EB-42CE-8E2E-9715B053043C}.Release|x64.ActiveCfg = Release|x64
		{E613D2F0-54EB-42CE-8E2E-9715B053043C}.Release|x64.Build.0 = Release|x64
		{E613D2F0-54EB-42CE-8E2E-9715B053043C}.Release|x86.ActiveCfg = Release|Win32
		{E613D2F0-54EB-42CE-8E2E-9715B053043C}.Release|x86.Build.0 = Release|Win32
		{D51B08D6-458C-45EA-B4B1-D13E931F8079}.Debug|Any CPU.ActiveCfg = Debug|Win32
		{D51B08D6-458C-45EA-B4B1-D13E931F8079}.Debug|Mixed Platforms.ActiveCfg = Debug|Win32
		{D51B08D6-458C-45EA-B4B1-D13E931F8079}.Debug|Mixed Platforms.Build.0 = Debug|Win32
		{D51B08D6-458C-45EA-B4B1-D13E931F8079}.Debug|Win32.ActiveCfg = Debug|Win32
		{D51B08D6-458C-45EA-B4B1-D13E931F8079}.Debug|Win32.Build.0 = Debug|Win32
		{D51B08D6-458C-45EA-B4B1-D13E931F8079}.Debug|x64.ActiveCfg = Debug|Win32
		{D51B08D6-458C-45EA-B4B1-D13E931F8079}.Debug|x86.ActiveCfg = Debug|Win32
		{D51B08D6-458C-45EA-B4B1-D13E931F8079}.Debug|x86.Build.0 = Debug|Win32
		{D51B08D6-458C-45EA-B4B1-D13E931F8079}.Release|Any CPU.ActiveCfg = Release|Win32
		{D51B08D6-458C-45EA-B4B1-D13E931F8079}.Release|Mixed Platforms.ActiveCfg = Release|Win32
		{D51B08D6-458C-45EA-B4B1-D13E931F8079}.Release|Mixed Platforms.Build.0 = Release|Win32
		{D51B08D6-458C-45EA-B4B1-D13E931F8079}.Release|Win32.ActiveCfg = Release|Win32
		{D51B08D6-458C-45EA-B4B1-D13E931F8079}.Release|Win32.Build.0 = Release|Win32
		{D51B08D6-458C-45EA-B4B1-D13E931F8079}.Release|x64.ActiveCfg = Release|Win32
		{D51B08D6-458C-45EA-B4B1-D13E931F8079}.Release|x86.ActiveCfg = Release|Win32
		{D51B08D6-458C-45EA-B4B1-D13E931F8079}.Release|x86.Build.0 = Release|Win32
		{DE8A9F45-6CEE-4BFC-9C65-0C55935D9A16}.Debug|Any CPU.ActiveCfg = Debug|Win32
		{DE8A9F45-6CEE-4BFC-9C65-0C55935D9A16}.Debug|Mixed Platforms.ActiveCfg = Debug|Win32
		{DE8A9F45-6CEE-4BFC-9C65-0C55935D9A16}.Debug|Mixed Platforms.Build.0 = Debug|Win32
		{DE8A9F45-6CEE-4BFC-9C65-0C55935D9A16}.Debug|Win32.ActiveCfg = Debug|Win32
		{DE8A9F45-6CEE-4BFC-9C65-0C55935D9A16}.Debug|Win32.Build.0 = Debug|Win32
		{DE8A9F45-6CEE-4BFC-9C65-0C55935D9A16}.Debug|x64.ActiveCfg = Debug|Win32
		{DE8A9F45-6CEE-4BFC-9C65-0C55935D9A16}.Debug|x86.ActiveCfg = Debug|Win32
		{DE8A9F45-6CEE-4BFC-9C65-0C55935D9A16}.Debug|x86.Build.0 = Debug|Win32
		{DE8A9F45-6CEE-4BFC-9C65-0C55935D9A16}.Release|Any CPU.ActiveCfg = Release|Win32
		{DE8A9F45-6CEE-4BFC-9C65-0C55935D9A16}.Release|Mixed Platforms.ActiveCfg = Release|Win32
		{DE8A9F45-6CEE-4BFC-9C65-0C55935D9A16}.Release|Mixed Platforms.Build.0 = Release|Win32
		{DE8A9F45-6CEE-4BFC-9C65-0C55935D9A16}.Release|Win32.ActiveCfg = Release|Win32
		{DE8A9F45-6CEE-4BFC-9C65-0C55935D9A16}.Release|Win32.Build.0 = Release|Win32
		{DE8A9F45-6CEE-4BFC-9C65-0C55935D9A16}.Release|x64.ActiveCfg = Release|Win32
		{DE8A9F45-6CEE-4BFC-9C65-0C55935D9A16}.Release|x86.ActiveCfg = Release|Win32
		{DE8A9F45-6CEE-4BFC-9C65-0C55935D9A16}.Release|x86.Build.0 = Release|Win32
		{74B7A9E6-3999-4E25-8EA3-CB0277A76780}.Debug|Any CPU.ActiveCfg = Debug|Win32
		{74B7A9E6-3999-4E25-8EA3-CB0277A76780}.Debug|Mixed Platforms.ActiveCfg = Debug|Win32
		{74B7A9E6-3999-4E25-8EA3-CB0277A76780}.Debug|Mixed Platforms.Build.0 = Debug|Win32
		{74B7A9E6-3999-4E25-8EA3-CB0277A76780}.Debug|Win32.ActiveCfg = Debug|Win32
		{74B7A9E6-3999-4E25-8EA3-CB0277A76780}.Debug|Win32.Build.0 = Debug|Win32
		{74B7A9E6-3999-4E25-8EA3-CB0277A76780}.Debug|x64.ActiveCfg = Debug|Win32
		{74B7A9E6-3999-4E25-8EA3-CB0277A76780}.Debug|x86.ActiveCfg = Debug|Win32
		{74B7A9E6-3999-4E25-8EA3-CB0277A76780}.Debug|x86.Build.0 = Debug|Win32
		{74B7A9E6-3999-4E25-8EA3-CB0277A76780}.Release|Any CPU.ActiveCfg = Release|Win32
		{74B7A9E6-3999-4E25-8EA3-CB0277A76780}.Release|Mixed Platforms.ActiveCfg = Release|Win32
		{74B7A9E6-3999-4E25-8EA3-CB0277A76780}.Release|Mixed Platforms.Build.0 = Release|Win32
		{74B7A9E6-3999-4E25-8EA3-CB0277A76780}.Release|Win32.ActiveCfg = Release|Win32
		{74B7A9E6-3999-4E25-8EA3-CB0277A76780}.Release|Win32.Build.0 = Release|Win32
		{74B7A9E6-3999-4E25-8EA3-CB0277A76780}.Release|x64.ActiveCfg = Release|Win32
		{74B7A9E6-3999-4E25-8EA3-CB0277A76780}.Release|x86.ActiveCfg = Release|Win32
		{74B7A9E6-3999-4E25-8EA3-CB0277A76780}.Release|x86.Build.0 = Release|Win32
		{AF649E3A-C161-4526-9F31-02881B003EEC}.Debug|Any CPU.ActiveCfg = Debug|Win32
		{AF649E3A-C161-4526-9F31-02881B003EEC}.Debug|Mixed Platforms.ActiveCfg = Debug|Win32
		{AF649E3A-C161-4526-9F31-02881B003EEC}.Debug|Mixed Platforms.Build.0 = Debug|Win32
		{AF649E3A-C161-4526-9F31-02881B003EEC}.Debug|Win32.ActiveCfg = Debug|Win32
		{AF649E3A-C161-4526-9F31-02881B003EEC}.Debug|Win32.Build.0 = Debug|Win32
		{AF649E3A-C161-4526-9F31-02881B003EEC}.Debug|x64.ActiveCfg = Debug|Win32
		{AF649E3A-C161-4526-9F31-02881B003EEC}.Debug|x86.ActiveCfg = Debug|Win32
		{AF649E3A-C161-4526-9F31-02881B003EEC}.Debug|x86.Build.0 = Debug|Win32
		{AF649E3A-C161-4526-9F31-02881B003EEC}.Release|Any CPU.ActiveCfg = Release|Win32
		{AF649E3A-C161-4526-9F31-02881B003EEC}.Release|Mixed Platforms.ActiveCfg = Release|Win32
		{AF649E3A-C161-4526-9F31-02881B003EEC}.Release|Mixed Platforms.Build.0 = Release|Win32
		{AF649E3A-C161-4526-9F31-02881B003EEC}.Release|Win32.ActiveCfg = Release|Win32
		{AF649E3A-C161-4526-9F31-02881B003EEC}.Release|Win32.Build.0 = Release|Win32
		{AF649E3A-C161-4526-9F31-02881B003EEC}.Release|x64.ActiveCfg = Release|Win32
		{AF649E3A-C161-4526-9F31-02881B003EEC}.Release|x86.ActiveCfg = Release|Win32
		{AF649E3A-C161-4526-9F31-02881B003EEC}.Release|x86.Build.0 = Release|Win32
		{496AA9ED-42C4-4215-A0E8-4FA40822E395}.Debug|Any CPU.ActiveCfg = Debug|Win32
		{496AA9ED-42C4-4215-A0E8-4FA40822E395}.Debug|Mixed Platforms.ActiveCfg = Debug|Win32
		{496AA9ED-42C4-4215-A0E8-4FA40822E395}.Debug|Mixed Platforms.Build.0 = Debug|Win32
		{496AA9ED-42C4-4215-A0E8-4FA40822E395}.Debug|Win32.ActiveCfg = Debug|Win32
		{496AA9ED-42C4-4215-A0E8-4FA40822E395}.Debug|Win32.Build.0 = Debug|Win32
		{496AA9ED-42C4-4215-A0E8-4FA40822E395}.Debug|x64.ActiveCfg = Debug|Win32
		{496AA9ED-42C4-4215-A0E8-4FA40822E395}.Debug|x86.ActiveCfg = Debug|Win32
		{496AA9ED-42C4-4215-A0E8-4FA40822E395}.Debug|x86.Build.0 = Debug|Win32
		{496AA9ED-42C4-4215-A0E8-4FA40822E395}.Release|Any CPU.ActiveCfg = Release|Win32
		{496AA9ED-42C4-4215-A0E8-4FA40822E395}.Release|Mixed Platforms.ActiveCfg = Release|Win32
		{496AA9ED-42C4-4215-A0E8-4FA40822E395}.Release|Mixed Platforms.Build.0 = Release|Win32
		{496AA9ED-42C4-4215-A0E8-4FA40822E395}.Release|Win32.ActiveCfg = Release|Win32
		{496AA9ED-42C4-4215-A0E8-4FA40822E395}.Release|Win32.Build.0 = Release|Win32
		{496AA9ED-42C4-4215-A0E8-4FA40822E395}.Release|x64.ActiveCfg = Release|Win32
		{496AA9ED-42C4-4215-A0E8-4FA40822E395}.Release|x86.ActiveCfg = Release|Win32
		{496AA9ED-42C4-4215-A0E8-4FA40822E395}.Release|x86.Build.0 = Release|Win32
		{AAFE5A50-31BE-4353-97D2-706F797B62A1}.Debug|Any CPU.ActiveCfg = Debug|Win32
		{AAFE5A50-31BE-4353-97D2-706F797B62A1}.Debug|Mixed Platforms.ActiveCfg = Debug|Win32
		{AAFE5A50-31BE-4353-97D2-706F797B62A1}.Debug|Mixed Platforms.Build.0 = Debug|Win32
		{AAFE5A50-31BE-4353-97D2-706F797B62A1}.Debug|Win32.ActiveCfg = Debug|Win32
		{AAFE5A50-31BE-4353-97D2-706F797B62A1}.Debug|Win32.Build.0 = Debug|Win32
		{AAFE5A50-31BE-4353-97D2-706F797B62A1}.Debug|x64.ActiveCfg = Debug|x64
		{AAFE5A50-31BE-4353-97D2-706F797B62A1}.Debug|x64.Build.0 = Debug|x64
		{AAFE5A50-31BE-4353-97D2-706F797B62A1}.Debug|x86.ActiveCfg = Debug|Win32
		{AAFE5A50-31BE-4353-97D2-706F797B62A1}.Debug|x86.Build.0 = Debug|Win32
		{AAFE5A50-31BE-4353-97D2-706F797B62A1}.Release|Any CPU.ActiveCfg = Release|Win32
		{AAFE5A50-31BE-4353-97D2-706F797B62A1}.Release|Mixed Platforms.ActiveCfg = Release|Win32
		{AAFE5A50-31BE-4353-97D2-706F797B62A1}.Release|Mixed Platforms.Build.0 = Release|Win32
		{AAFE5A50-31BE-4353-97D2-706F797B62A1}.Release|Win32.ActiveCfg = Release|Win32
		{AAFE5A50-31BE-4353-97D2-706F797B62A1}.Release|Win32.Build.0 = Release|Win32
		{AAFE5A50-31BE-4353-97D2-706F797B62A1}.Release|x64.ActiveCfg = Release|x64
		{AAFE5A50-31BE-4353-97D2-706F797B62A1}.Release|x64.Build.0 = Release|x64
		{AAFE5A50-31BE-4353-97D2-706F797B62A1}.Release|x86.ActiveCfg = Release|Win32
		{AAFE5A50-31BE-4353-97D2-706F797B62A1}.Release|x86.Build.0 = Release|Win32
		{75BDDCEA-B0E1-4A7C-AC0E-748911E15D88}.Debug|Any CPU.ActiveCfg = Debug|Win32
		{75BDDCEA-B0E1-4A7C-AC0E-748911E15D88}.Debug|Mixed Platforms.ActiveCfg = Debug|Win32
		{75BDDCEA-B0E1-4A7C-AC0E-748911E15D88}.Debug|Mixed Platforms.Build.0 = Debug|Win32
		{75BDDCEA-B0E1-4A7C-AC0E-748911E15D88}.Debug|Win32.ActiveCfg = Debug|Win32
		{75BDDCEA-B0E1-4A7C-AC0E-748911E15D88}.Debug|Win32.Build.0 = Debug|Win32
		{75BDDCEA-B0E1-4A7C-AC0E-748911E15D88}.Debug|x64.ActiveCfg = Debug|Win32
		{75BDDCEA-B0E1-4A7C-AC0E-748911E15D88}.Debug|x86.ActiveCfg = Debug|Win32
		{75BDDCEA-B0E1-4A7C-AC0E-748911E15D88}.Debug|x86.Build.0 = Debug|Win32
		{75BDDCEA-B0E1-4A7C-AC0E-748911E15D88}.Release|Any CPU.ActiveCfg = Release|Win32
		{75BDDCEA-B0E1-4A7C-AC0E-748911E15D88}.Release|Mixed Platforms.ActiveCfg = Release|Win32
		{75BDDCEA-B0E1-4A7C-AC0E-748911E15D88}.Release|Mixed Platforms.Build.0 = Release|Win32
		{75BDDCEA-B0E1-4A7C-AC0E-748911E15D88}.Release|Win32.ActiveCfg = Release|Win32
		{75BDDCEA-B0E1-4A7C-AC0E-748911E15D88}.Release|Win32.Build.0 = Release|Win32
		{75BDDCEA-B0E1-4A7C-AC0E-748911E15D88}.Release|x64.ActiveCfg = Release|Win32
		{75BDDCEA-B0E1-4A7C-AC0E-748911E15D88}.Release|x86.ActiveCfg = Release|Win32
		{75BDDCEA-B0E1-4A7C-AC0E-748911E15D88}.Release|x86.Build.0 = Release|Win32
		{01277B92-F915-455F-A7A8-1369D300B634}.Debug|Any CPU.ActiveCfg = Debug|Win32
		{01277B92-F915-455F-A7A8-1369D300B634}.Debug|Mixed Platforms.ActiveCfg = Debug|Win32
		{01277B92-F915-455F-A7A8-1369D300B634}.Debug|Mixed Platforms.Build.0 = Debug|Win32
		{01277B92-F915-455F-A7A8-1369D300B634}.Debug|Win32.ActiveCfg = Debug|Win32
		{01277B92-F915-455F-A7A8-1369D300B634}.Debug|Win32.Build.0 = Debug|Win32
		{01277B92-F915-455F-A7A8-1369D300B634}.Debug|x64.ActiveCfg = Debug|Win32
		{01277B92-F915-455F-A7A8-1369D300B634}.Debug|x86.ActiveCfg = Debug|Win32
		{01277B92-F915-455F-A7A8-1369D300B634}.Debug|x86.Build.0 = Debug|Win32
		{01277B92-F915-455F-A7A8-1369D300B634}.Release|Any CPU.ActiveCfg = Release|Win32
		{01277B92-F915-455F-A7A8-1369D300B634}.Release|Mixed Platforms.ActiveCfg = Release|Win32
		{01277B92-F915-455F-A7A8-1369D300B634}.Release|Mixed Platforms.Build.0 = Release|Win32
		{01277B92-F915-455F-A7A8-1369D300B634}.Release|Win32.ActiveCfg = Release|Win32
		{01277B92-F915-455F-A7A8-1369D300B634}.Release|Win32.Build.0 = Release|Win32
		{01277B92-F915-455F-A7A8-1369D300B634}.Release|x64.ActiveCfg = Release|Win32
		{01277B92-F915-455F-A7A8-1369D300B634}.Release|x86.ActiveCfg = Release|Win32
		{01277B92-F915-455F-A7A8-1369D300B634}.Release|x86.Build.0 = Release|Win32
		{09A6A459-D194-4480-87F5-5B1B9E4226D9}.Debug|Any CPU.ActiveCfg = Debug|Win32
		{09A6A459-D194-4480-87F5-5B1B9E4226D9}.Debug|Mixed Platforms.ActiveCfg = Debug|Win32
		{09A6A459-D194-4480-87F5-5B1B9E4226D9}.Debug|Mixed Platforms.Build.0 = Debug|Win32
		{09A6A459-D194-4480-87F5-5B1B9E4226D9}.Debug|Win32.ActiveCfg = Debug|Win32
		{09A6A459-D194-4480-87F5-5B1B9E4226D9}.Debug|Win32.Build.0 = Debug|Win32
		{09A6A459-D194-4480-87F5-5B1B9E4226D9}.Debug|x64.ActiveCfg = Debug|Win32
		{09A6A459-D194-4480-87F5-5B1B9E4226D9}.Debug|x86.ActiveCfg = Debug|Win32
		{09A6A459-D194-4480-87F5-5B1B9E4226D9}.Debug|x86.Build.0 = Debug|Win32
		{09A6A459-D194-4480-87F5-5B1B9E4226D9}.Release|Any CPU.ActiveCfg = Release|Win32
		{09A6A459-D194-4480-87F5-5B1B9E4226D9}.Release|Mixed Platforms.ActiveCfg = Release|Win32
		{09A6A459-D194-4480-87F5-5B1B9E4226D9}.Release|Mixed Platforms.Build.0 = Release|Win32
		{09A6A459-D194-4480-87F5-5B1B9E4226D9}.Release|Win32.ActiveCfg = Release|Win32
		{09A6A459-D194-4480-87F5-5B1B9E4226D9}.Release|Win32.Build.0 = Release|Win32
		{09A6A459-D194-4480-87F5-5B1B9E4226D9}.Release|x64.ActiveCfg = Release|Win32
		{09A6A459-D194-4480-87F5-5B1B9E4226D9}.Release|x86.ActiveCfg = Release|Win32
		{09A6A459-D194-4480-87F5-5B1B9E4226D9}.Release|x86.Build.0 = Release|Win32
		{E1F89C96-1E73-49C4-A5CD-DE6ADFFEE129}.Debug|Any CPU.ActiveCfg = Debug|Win32
		{E1F89C96-1E73-49C4-A5CD-DE6ADFFEE129}.Debug|Mixed Platforms.ActiveCfg = Debug|Win32
		{E1F89C96-1E73-49C4-A5CD-DE6ADFFEE129}.Debug|Mixed Platforms.Build.0 = Debug|Win32
		{E1F89C96-1E73-49C4-A5CD-DE6ADFFEE129}.Debug|Win32.ActiveCfg = Debug|Win32
		{E1F89C96-1E73-49C4-A5CD-DE6ADFFEE129}.Debug|Win32.Build.0 = Debug|Win32
		{E1F89C96-1E73-49C4-A5CD-DE6ADFFEE129}.Debug|x64.ActiveCfg = Debug|Win32
		{E1F89C96-1E73-49C4-A5CD-DE6ADFFEE129}.Debug|x86.ActiveCfg = Debug|Win32
		{E1F89C96-1E73-49C4-A5CD-DE6ADFFEE129}.Debug|x86.Build.0 = Debug|Win32
		{E1F89C96-1E73-49C4-A5CD-DE6ADFFEE129}.Release|Any CPU.ActiveCfg = Release|Win32
		{E1F89C96-1E73-49C4-A5CD-DE6ADFFEE129}.Release|Mixed Platforms.ActiveCfg = Release|Win32
		{E1F89C96-1E73-49C4-A5CD-DE6ADFFEE129}.Release|Mixed Platforms.Build.0 = Release|Win32
		{E1F89C96-1E73-49C4-A5CD-DE6ADFFEE129}.Release|Win32.ActiveCfg = Release|Win32
		{E1F89C96-1E73-49C4-A5CD-DE6ADFFEE129}.Release|Win32.Build.0 = Release|Win32
		{E1F89C96-1E73-49C4-A5CD-DE6ADFFEE129}.Release|x64.ActiveCfg = Release|Win32
		{E1F89C96-1E73-49C4-A5CD-DE6ADFFEE129}.Release|x86.ActiveCfg = Release|Win32
		{E1F89C96-1E73-49C4-A5CD-DE6ADFFEE129}.Release|x86.Build.0 = Release|Win32
		{69CC7D50-BB82-4092-9E07-855E83D31DF1}.Debug|Any CPU.ActiveCfg = Debug|Win32
		{69CC7D50-BB82-4092-9E07-855E83D31DF1}.Debug|Mixed Platforms.ActiveCfg = Debug|Win32
		{69CC7D50-BB82-4092-9E07-855E83D31DF1}.Debug|Mixed Platforms.Build.0 = Debug|Win32
		{69CC7D50-BB82-4092-9E07-855E83D31DF1}.Debug|Win32.ActiveCfg = Debug|Win32
		{69CC7D50-BB82-4092-9E07-855E83D31DF1}.Debug|Win32.Build.0 = Debug|Win32
		{69CC7D50-BB82-4092-9E07-855E83D31DF1}.Debug|x64.ActiveCfg = Debug|Win32
		{69CC7D50-BB82-4092-9E07-855E83D31DF1}.Debug|x86.ActiveCfg = Debug|Win32
		{69CC7D50-BB82-4092-9E07-855E83D31DF1}.Debug|x86.Build.0 = Debug|Win32
		{69CC7D50-BB82-4092-9E07-855E83D31DF1}.Release|Any CPU.ActiveCfg = Release|Win32
		{69CC7D50-BB82-4092-9E07-855E83D31DF1}.Release|Mixed Platforms.ActiveCfg = Release|Win32
		{69CC7D50-BB82-4092-9E07-855E83D31DF1}.Release|Mixed Platforms.Build.0 = Release|Win32
		{69CC7D50-BB82-4092-9E07-855E83D31DF1}.Release|Win32.ActiveCfg = Release|Win32
		{69CC7D50-BB82-4092-9E07-855E83D31DF1}.Release|Win32.Build.0 = Release|Win32
		{69CC7D50-BB82-4092-9E07-855E83D31DF1}.Release|x64.ActiveCfg = Release|Win32
		{69CC7D50-BB82-4092-9E07-855E83D31DF1}.Release|x86.ActiveCfg = Release|Win32
		{69CC7D50-BB82-4092-9E07-855E83D31DF1}.Release|x86.Build.0 = Release|Win32
		{AEE63648-E67B-4923-8F83-7F0936CE95AE}.Debug|Any CPU.ActiveCfg = Debug|Win32
		{AEE63648-E67B-4923-8F83-7F0936CE95AE}.Debug|Mixed Platforms.ActiveCfg = Debug|Win32
		{AEE63648-E67B-4923-8F83-7F0936CE95AE}.Debug|Mixed Platforms.Build.0 = Debug|Win32
		{AEE63648-E67B-4923-8F83-7F0936CE95AE}.Debug|Win32.ActiveCfg = Debug|Win32
		{AEE63648-E67B-4923-8F83-7F0936CE95AE}.Debug|Win32.Build.0 = Debug|Win32
		{AEE63648-E67B-4923-8F83-7F0936CE95AE}.Debug|x64.ActiveCfg = Debug|x64
		{AEE63648-E67B-4923-8F83-7F0936CE95AE}.Debug|x64.Build.0 = Debug|x64
		{AEE63648-E67B-4923-8F83-7F0936CE95AE}.Debug|x86.ActiveCfg = Debug|Win32
		{AEE63648-E67B-4923-8F83-7F0936CE95AE}.Debug|x86.Build.0 = Debug|Win32
		{AEE63648-E67B-4923-8F83-7F0936CE95AE}.Release|Any CPU.ActiveCfg = Release|Win32
		{AEE63648-E67B-4923-8F83-7F0936CE95AE}.Release|Mixed Platforms.ActiveCfg = Release|Win32
		{AEE63648-E67B-4923-8F83-7F0936CE95AE}.Release|Mixed Platforms.Build.0 = Release|Win32
		{AEE63648-E67B-4923-8F83-7F0936CE95AE}.Release|Win32.ActiveCfg = Release|Win32
		{AEE63648-E67B-4923-8F83-7F0936CE95AE}.Release|Win32.Build.0 = Release|Win32
		{AEE63648-E67B-4923-8F83-7F0936CE95AE}.Release|x64.ActiveCfg = Release|x64
		{AEE63648-E67B-4923-8F83-7F0936CE95AE}.Release|x64.Build.0 = Release|x64
		{AEE63648-E67B-4923-8F83-7F0936CE95AE}.Release|x86.ActiveCfg = Release|Win32
		{AEE63648-E67B-4923-8F83-7F0936CE95AE}.Release|x86.Build.0 = Release|Win32
		{75A0C4E7-9457-481B-8987-374393B7EC23}.Debug|Any CPU.ActiveCfg = Debug|Win32
		{75A0C4E7-9457-481B-8987-374393B7EC23}.Debug|Mixed Platforms.ActiveCfg = Debug|Win32
		{75A0C4E7-9457-481B-8987-374393B7EC23}.Debug|Mixed Platforms.Build.0 = Debug|Win32
		{75A0C4E7-9457-481B-8987-374393B7EC23}.Debug|Win32.ActiveCfg = Debug|Win32
		{75A0C4E7-9457-481B-8987-374393B7EC23}.Debug|Win32.Build.0 = Debug|Win32
		{75A0C4E7-9457-481B-8987-374393B7EC23}.Debug|x64.ActiveCfg = Debug|Win32
		{75A0C4E7-9457-481B-8987-374393B7EC23}.Debug|x86.ActiveCfg = Debug|Win32
		{75A0C4E7-9457-481B-8987-374393B7EC23}.Debug|x86.Build.0 = Debug|Win32
		{75A0C4E7-9457-481B-8987-374393B7EC23}.Release|Any CPU.ActiveCfg = Release|Win32
		{75A0C4E7-9457-481B-8987-374393B7EC23}.Release|Mixed Platforms.ActiveCfg = Release|Win32
		{75A0C4E7-9457-481B-8987-374393B7EC23}.Release|Mixed Platforms.Build.0 = Release|Win32
		{75A0C4E7-9457-481B-8987-374393B7EC23}.Release|Win32.ActiveCfg = Release|Win32
		{75A0C4E7-9457-481B-8987-374393B7EC23}.Release|Win32.Build.0 = Release|Win32
		{75A0C4E7-9457-481B-8987-374393B7EC23}.Release|x64.ActiveCfg = Release|Win32
		{75A0C4E7-9457-481B-8987-374393B7EC23}.Release|x86.ActiveCfg = Release|Win32
		{75A0C4E7-9457-481B-8987-374393B7EC23}.Release|x86.Build.0 = Release|Win32
		{4436C23A-967B-481D-B41C-EDE862C331EA}.Debug|Any CPU.ActiveCfg = Debug|Win32
		{4436C23A-967B-481D-B41C-EDE862C331EA}.Debug|Mixed Platforms.ActiveCfg = Debug|Win32
		{4436C23A-967B-481D-B41C-EDE862C331EA}.Debug|Mixed Platforms.Build.0 = Debug|Win32
		{4436C23A-967B-481D-B41C-EDE862C331EA}.Debug|Win32.ActiveCfg = Debug|Win32
		{4436C23A-967B-481D-B41C-EDE862C331EA}.Debug|Win32.Build.0 = Debug|Win32
		{4436C23A-967B-481D-B41C-EDE862C331EA}.Debug|x64.ActiveCfg = Debug|x64
		{4436C23A-967B-481D-B41C-EDE862C331EA}.Debug|x64.Build.0 = Debug|x64
		{4436C23A-967B-481D-B41C-EDE862C331EA}.Debug|x86.ActiveCfg = Debug|Win32
		{4436C23A-967B-481D-B41C-EDE862C331EA}.Debug|x86.Build.0 = Debug|Win32
		{4436C23A-967B-481D-B41C-EDE862C331EA}.Release|Any CPU.ActiveCfg = Release|Win32
		{4436C23A-967B-481D-B41C-EDE862C331EA}.Release|Mixed Platforms.ActiveCfg = Release|Win32
		{4436C23A-967B-481D-B41C-EDE862C331EA}.Release|Mixed Platforms.Build.0 = Release|Win32
		{4436C23A-967B-481D-B41C-EDE862C331EA}.Release|Win32.ActiveCfg = Release|Win32
		{4436C23A-967B-481D-B41C-EDE862C331EA}.Release|Win32.Build.0 = Release|Win32
		{4436C23A-967B-481D-B41C-EDE862C331EA}.Release|x64.ActiveCfg = Release|x64
		{4436C23A-967B-481D-B41C-EDE862C331EA}.Release|x64.Build.0 = Release|x64
		{4436C23A-967B-481D-B41C-EDE862C331EA}.Release|x86.ActiveCfg = Release|Win32
		{4436C23A-967B-481D-B41C-EDE862C331EA}.Release|x86.Build.0 = Release|Win32
		{4DE6868E-B135-4A76-B212-DD23C0740F2F}.Debug|Any CPU.ActiveCfg = Debug|Win32
		{4DE6868E-B135-4A76-B212-DD23C0740F2F}.Debug|Mixed Platforms.ActiveCfg = Debug|Win32
		{4DE6868E-B135-4A76-B212-DD23C0740F2F}.Debug|Mixed Platforms.Build.0 = Debug|Win32
		{4DE6868E-B135-4A76-B212-DD23C0740F2F}.Debug|Win32.ActiveCfg = Debug|Win32
		{4DE6868E-B135-4A76-B212-DD23C0740F2F}.Debug|Win32.Build.0 = Debug|Win32
		{4DE6868E-B135-4A76-B212-DD23C0740F2F}.Debug|x64.ActiveCfg = Debug|x64
		{4DE6868E-B135-4A76-B212-DD23C0740F2F}.Debug|x64.Build.0 = Debug|x64
		{4DE6868E-B135-4A76-B212-DD23C0740F2F}.Debug|x86.ActiveCfg = Debug|Win32
		{4DE6868E-B135-4A76-B212-DD23C0740F2F}.Debug|x86.Build.0 = Debug|Win32
		{4DE6868E-B135-4A76-B212-DD23C0740F2F}.Release|Any CPU.ActiveCfg = Release|Win32
		{4DE6868E-B135-4A76-B212-DD23C0740F2F}.Release|Mixed Platforms.ActiveCfg = Release|Win32
		{4DE6868E-B135-4A76-B212-DD23C0740F2F}.Release|Mixed Platforms.Build.0 = Release|Win32
		{4DE6868E-B135-4A76-B212-DD23C0740F2F}.Release|Win32.ActiveCfg = Release|Win32
		{4DE6868E-B135-4A76-B212-DD23C0740F2F}.Release|Win32.Build.0 = Release|Win32
		{4DE6868E-B135-4A76-B212-DD23C0740F2F}.Release|x64.ActiveCfg = Release|x64
		{4DE6868E-B135-4A76-B212-DD23C0740F2F}.Release|x64.Build.0 = Release|x64
		{4DE6868E-B135-4A76-B212-DD23C0740F2F}.Release|x86.ActiveCfg = Release|Win32
		{4DE6868E-B135-4A76-B212-DD23C0740F2F}.Release|x86.Build.0 = Release|Win32
		{2369670A-DC3D-49EF-A80F-EA214A27215C}.Debug|Any CPU.ActiveCfg = Debug|Win32
		{2369670A-DC3D-49EF-A80F-EA214A27215C}.Debug|Mixed Platforms.ActiveCfg = Debug|Win32
		{2369670A-DC3D-49EF-A80F-EA214A27215C}.Debug|Mixed Platforms.Build.0 = Debug|Win32
		{2369670A-DC3D-49EF-A80F-EA214A27215C}.Debug|Win32.ActiveCfg = Debug|Win32
		{2369670A-DC3D-49EF-A80F-EA214A27215C}.Debug|Win32.Build.0 = Debug|Win32
		{2369670A-DC3D-49EF-A80F-EA214A27215C}.Debug|x64.ActiveCfg = Debug|x64
		{2369670A-DC3D-49EF-A80F-EA214A27215C}.Debug|x64.Build.0 = Debug|x64
		{2369670A-DC3D-49EF-A80F-EA214A27215C}.Debug|x86.ActiveCfg = Debug|Win32
		{2369670A-DC3D-49EF-A80F-EA214A27215C}.Debug|x86.Build.0 = Debug|Win32
		{2369670A-DC3D-49EF-A80F-EA214A27215C}.Release|Any CPU.ActiveCfg = Release|Win32
		{2369670A-DC3D-49EF-A80F-EA214A27215C}.Release|Mixed Platforms.ActiveCfg = Release|Win32
		{2369670A-DC3D-49EF-A80F-EA214A27215C}.Release|Mixed Platforms.Build.0 = Release|Win32
		{2369670A-DC3D-49EF-A80F-EA214A27215C}.Release|Win32.ActiveCfg = Release|Win32
		{2369670A-DC3D-49EF-A80F-EA214A27215C}.Release|Win32.Build.0 = Release|Win32
		{2369670A-DC3D-49EF-A80F-EA214A27215C}.Release|x64.ActiveCfg = Release|x64
		{2369670A-DC3D-49EF-A80F-EA214A27215C}.Release|x64.Build.0 = Release|x64
		{2369670A-DC3D-49EF-A80F-EA214A27215C}.Release|x86.ActiveCfg = Release|Win32
		{2369670A-DC3D-49EF-A80F-EA214A27215C}.Release|x86.Build.0 = Release|Win32
		{A2F531C4-001A-456F-B9DF-344C6EECD36D}.Debug|Any CPU.ActiveCfg = Debug|Win32
		{A2F531C4-001A-456F-B9DF-344C6EECD36D}.Debug|Mixed Platforms.ActiveCfg = Debug|Win32
		{A2F531C4-001A-456F-B9DF-344C6EECD36D}.Debug|Mixed Platforms.Build.0 = Debug|Win32
		{A2F531C4-001A-456F-B9DF-344C6EECD36D}.Debug|Win32.ActiveCfg = Debug|Win32
		{A2F531C4-001A-456F-B9DF-344C6EECD36D}.Debug|Win32.Build.0 = Debug|Win32
		{A2F531C4-001A-456F-B9DF-344C6EECD36D}.Debug|x64.ActiveCfg = Debug|x64
		{A2F531C4-001A-456F-B9DF-344C6EECD36D}.Debug|x64.Build.0 = Debug|x64
		{A2F531C4-001A-456F-B9DF-344C6EECD36D}.Debug|x86.ActiveCfg = Debug|Win32
		{A2F531C4-001A-456F-B9DF-344C6EECD36D}.Debug|x86.Build.0 = Debug|Win32
		{A2F531C4-001A-456F-B9DF-344C6EECD36D}.Release|Any CPU.ActiveCfg = Release|Win32
		{A2F531C4-001A-456F-B9DF-344C6EECD36D}.Release|Mixed Platforms.ActiveCfg = Release|Win32
		{A2F531C4-001A-456F-B9DF-344C6EECD36D}.Release|Mixed Platforms.Build.0 = Release|Win32
		{A2F531C4-001A-456F-B9DF-344C6EECD36D}.Release|Win32.ActiveCfg = Release|Win32
		{A2F531C4-001A-456F-B9DF-344C6EECD36D}.Release|Win32.Build.0 = Release|Win32
		{A2F531C4-001A-456F-B9DF-344C6EECD36D}.Release|x64.ActiveCfg = Release|x64
		{A2F531C4-001A-456F-B9DF-344C6EECD36D}.Release|x64.Build.0 = Release|x64
		{A2F531C4-001A-456F-B9DF-344C6EECD36D}.Release|x86.ActiveCfg = Release|Win32
		{A2F531C4-001A-456F-B9DF-344C6EECD36D}.Release|x86.Build.0 = Release|Win32
		{C00FA4D4-5E85-4AC3-A658-05C550A3B7CE}.Debug|Any CPU.ActiveCfg = Debug|Win32
		{C00FA4D4-5E85-4AC3-A658-05C550A3B7CE}.Debug|Mixed Platforms.ActiveCfg = Debug|Win32
		{C00FA4D4-5E85-4AC3-A658-05C550A3B7CE}.Debug|Mixed Platforms.Build.0 = Debug|Win32
		{C00FA4D4-5E85-4AC3-A658-05C550A3B7CE}.Debug|Win32.ActiveCfg = Debug|Win32
		{C00FA4D4-5E85-4AC3-A658-05C550A3B7CE}.Debug|Win32.Build.0 = Debug|Win32
		{C00FA4D4-5E85-4AC3-A658-05C550A3B7CE}.Debug|x64.ActiveCfg = Debug|x64
		{C00FA4D4-5E85-4AC3-A658-05C550A3B7CE}.Debug|x64.Build.0 = Debug|x64
		{C00FA4D4-5E85-4AC3-A658-05C550A3B7CE}.Debug|x86.ActiveCfg = Debug|Win32
		{C00FA4D4-5E85-4AC3-A658-05C550A3B7CE}.Debug|x86.Build.0 = Debug|Win32
		{C00FA4D4-5E85-4AC3-A658-05C550A3B7CE}.Release|Any CPU.ActiveCfg = Release|Win32
		{C00FA4D4-5E85-4AC3-A658-05C550A3B7CE}.Release|Mixed Platforms.ActiveCfg = Release|Win32
		{C00FA4D4-5E85-4AC3-A658-05C550A3B7CE}.Release|Mixed Platforms.Build.0 = Release|Win32
		{C00FA4D4-5E85-4AC3-A658-05C550A3B7CE}.Release|Win32.ActiveCfg = Release|Win32
		{C00FA4D4-5E85-4AC3-A658-05C550A3B7CE}.Release|Win32.Build.0 = Release|Win32
		{C00FA4D4-5E85-4AC3-A658-05C550A3B7CE}.Release|x64.ActiveCfg = Release|x64
		{C00FA4D4-5E85-4AC3-A658-05C550A3B7CE}.Release|x64.Build.0 = Release|x64
		{C00FA4D4-5E85-4AC3-A658-05C550A3B7CE}.Release|x86.ActiveCfg = Release|Win32
		{C00FA4D4-5E85-4AC3-A658-05C550A3B7CE}.Release|x86.Build.0 = Release|Win32
		{4B72553E-D4B8-40C4-959B-E3BFDF9599D5}.Debug|Any CPU.ActiveCfg = Debug|Win32
		{4B72553E-D4B8-40C4-959B-E3BFDF9599D5}.Debug|Mixed Platforms.ActiveCfg = Debug|Win32
		{4B72553E-D4B8-40C4-959B-E3BFDF9599D5}.Debug|Mixed Platforms.Build.0 = Debug|Win32
		{4B72553E-D4B8-40C4-959B-E3BFDF9599D5}.Debug|Win32.ActiveCfg = Debug|Win32
		{4B72553E-D4B8-40C4-959B-E3BFDF9599D5}.Debug|Win32.Build.0 = Debug|Win32
		{4B72553E-D4B8-40C4-959B-E3BFDF9599D5}.Debug|x64.ActiveCfg = Debug|x64
		{4B72553E-D4B8-40C4-959B-E3BFDF9599D5}.Debug|x64.Build.0 = Debug|x64
		{4B72553E-D4B8-40C4-959B-E3BFDF9599D5}.Debug|x86.ActiveCfg = Debug|Win32
		{4B72553E-D4B8-40C4-959B-E3BFDF9599D5}.Debug|x86.Build.0 = Debug|Win32
		{4B72553E-D4B8-40C4-959B-E3BFDF9599D5}.Release|Any CPU.ActiveCfg = Release|Win32
		{4B72553E-D4B8-40C4-959B-E3BFDF9599D5}.Release|Mixed Platforms.ActiveCfg = Release|Win32
		{4B72553E-D4B8-40C4-959B-E3BFDF9599D5}.Release|Mixed Platforms.Build.0 = Release|Win32
		{4B72553E-D4B8-40C4-959B-E3BFDF9599D5}.Release|Win32.ActiveCfg = Release|Win32
		{4B72553E-D4B8-40C4-959B-E3BFDF9599D5}.Release|Win32.Build.0 = Release|Win32
		{4B72553E-D4B8-40C4-959B-E3BFDF9599D5}.Release|x64.ActiveCfg = Release|x64
		{4B72553E-D4B8-40C4-959B-E3BFDF9599D5}.Release|x64.Build.0 = Release|x64
		{4B72553E-D4B8-40C4-959B-E3BFDF9599D5}.Release|x86.ActiveCfg = Release|Win32
		{4B72553E-D4B8-40C4-959B-E3BFDF9599D5}.Release|x86.Build.0 = Release|Win32
		{5971E01B-E2FF-4E1B-90B5-3EED4C4B9218}.Debug|Any CPU.ActiveCfg = Debug|Win32
		{5971E01B-E2FF-4E1B-90B5-3EED4C4B9218}.Debug|Mixed Platforms.ActiveCfg = Debug|Win32
		{5971E01B-E2FF-4E1B-90B5-3EED4C4B9218}.Debug|Mixed Platforms.Build.0 = Debug|Win32
		{5971E01B-E2FF-4E1B-90B5-3EED4C4B9218}.Debug|Win32.ActiveCfg = Debug|Win32
		{5971E01B-E2FF-4E1B-90B5-3EED4C4B9218}.Debug|Win32.Build.0 = Debug|Win32
		{5971E01B-E2FF-4E1B-90B5-3EED4C4B9218}.Debug|x64.ActiveCfg = Debug|Win32
		{5971E01B-E2FF-4E1B-90B5-3EED4C4B9218}.Debug|x86.ActiveCfg = Debug|Win32
		{5971E01B-E2FF-4E1B-90B5-3EED4C4B9218}.Debug|x86.Build.0 = Debug|Win32
		{5971E01B-E2FF-4E1B-90B5-3EED4C4B9218}.Release|Any CPU.ActiveCfg = Release|Win32
		{5971E01B-E2FF-4E1B-90B5-3EED4C4B9218}.Release|Mixed Platforms.ActiveCfg = Release|Win32
		{5971E01B-E2FF-4E1B-90B5-3EED4C4B9218}.Release|Mixed Platforms.Build.0 = Release|Win32
		{5971E01B-E2FF-4E1B-90B5-3EED4C4B9218}.Release|Win32.ActiveCfg = Release|Win32
		{5971E01B-E2FF-4E1B-90B5-3EED4C4B9218}.Release|Win32.Build.0 = Release|Win32
		{5971E01B-E2FF-4E1B-90B5-3EED4C4B9218}.Release|x64.ActiveCfg = Release|Win32
		{5971E01B-E2FF-4E1B-90B5-3EED4C4B9218}.Release|x86.ActiveCfg = Release|Win32
		{5971E01B-E2FF-4E1B-90B5-3EED4C4B9218}.Release|x86.Build.0 = Release|Win32
		{536A85C0-A54E-4573-8304-71F76D25D560}.Debug|Any CPU.ActiveCfg = Debug|Win32
		{536A85C0-A54E-4573-8304-71F76D25D560}.Debug|Mixed Platforms.ActiveCfg = Debug|Win32
		{536A85C0-A54E-4573-8304-71F76D25D560}.Debug|Mixed Platforms.Build.0 = Debug|Win32
		{536A85C0-A54E-4573-8304-71F76D25D560}.Debug|Win32.ActiveCfg = Debug|Win32
		{536A85C0-A54E-4573-8304-71F76D25D560}.Debug|Win32.Build.0 = Debug|Win32
		{536A85C0-A54E-4573-8304-71F76D25D560}.Debug|x64.ActiveCfg = Debug|x64
		{536A85C0-A54E-4573-8304-71F76D25D560}.Debug|x64.Build.0 = Debug|x64
		{536A85C0-A54E-4573-8304-71F76D25D560}.Debug|x86.ActiveCfg = Debug|Win32
		{536A85C0-A54E-4573-8304-71F76D25D560}.Debug|x86.Build.0 = Debug|Win32
		{536A85C0-A54E-4573-8304-71F76D25D560}.Release|Any CPU.ActiveCfg = Release|Win32
		{536A85C0-A54E-4573-8304-71F76D25D560}.Release|Mixed Platforms.ActiveCfg = Release|Win32
		{536A85C0-A54E-4573-8304-71F76D25D560}.Release|Mixed Platforms.Build.0 = Release|Win32
		{536A85C0-A54E-4573-8304-71F76D25D560}.Release|Win32.ActiveCfg = Release|Win32
		{536A85C0-A54E-4573-8304-71F76D25D560}.Release|Win32.Build.0 = Release|Win32
		{536A85C0-A54E-4573-8304-71F76D25D560}.Release|x64.ActiveCfg = Release|x64
		{536A85C0-A54E-4573-8304-71F76D25D560}.Release|x64.Build.0 = Release|x64
		{536A85C0-A54E-4573-8304-71F76D25D560}.Release|x86.ActiveCfg = Release|Win32
		{536A85C0-A54E-4573-8304-71F76D25D560}.Release|x86.Build.0 = Release|Win32
		{410F47C4-C16B-45A5-B818-19F6A63B0330}.Debug|Any CPU.ActiveCfg = Debug|Any CPU
		{410F47C4-C16B-45A5-B818-19F6A63B0330}.Debug|Mixed Platforms.ActiveCfg = Debug|Any CPU
		{410F47C4-C16B-45A5-B818-19F6A63B0330}.Debug|Win32.ActiveCfg = Debug|Any CPU
		{410F47C4-C16B-45A5-B818-19F6A63B0330}.Debug|x64.ActiveCfg = Debug|Any CPU
		{410F47C4-C16B-45A5-B818-19F6A63B0330}.Debug|x86.ActiveCfg = Debug|Any CPU
		{410F47C4-C16B-45A5-B818-19F6A63B0330}.Release|Any CPU.ActiveCfg = Release|Any CPU
		{410F47C4-C16B-45A5-B818-19F6A63B0330}.Release|Mixed Platforms.ActiveCfg = Release|Any CPU
		{410F47C4-C16B-45A5-B818-19F6A63B0330}.Release|Win32.ActiveCfg = Release|Any CPU
		{410F47C4-C16B-45A5-B818-19F6A63B0330}.Release|x64.ActiveCfg = Release|Any CPU
		{410F47C4-C16B-45A5-B818-19F6A63B0330}.Release|x86.ActiveCfg = Release|Any CPU
		{9249B894-D3BB-4773-B086-08D7E553E192}.Debug|Any CPU.ActiveCfg = Debug|Win32
		{9249B894-D3BB-4773-B086-08D7E553E192}.Debug|Mixed Platforms.ActiveCfg = Debug|Win32
		{9249B894-D3BB-4773-B086-08D7E553E192}.Debug|Mixed Platforms.Build.0 = Debug|Win32
		{9249B894-D3BB-4773-B086-08D7E553E192}.Debug|Win32.ActiveCfg = Debug|Win32
		{9249B894-D3BB-4773-B086-08D7E553E192}.Debug|Win32.Build.0 = Debug|Win32
		{9249B894-D3BB-4773-B086-08D7E553E192}.Debug|x64.ActiveCfg = Debug|x64
		{9249B894-D3BB-4773-B086-08D7E553E192}.Debug|x64.Build.0 = Debug|x64
		{9249B894-D3BB-4773-B086-08D7E553E192}.Debug|x86.ActiveCfg = Debug|Win32
		{9249B894-D3BB-4773-B086-08D7E553E192}.Debug|x86.Build.0 = Debug|Win32
		{9249B894-D3BB-4773-B086-08D7E553E192}.Release|Any CPU.ActiveCfg = Release|Win32
		{9249B894-D3BB-4773-B086-08D7E553E192}.Release|Mixed Platforms.ActiveCfg = Release|Win32
		{9249B894-D3BB-4773-B086-08D7E553E192}.Release|Mixed Platforms.Build.0 = Release|Win32
		{9249B894-D3BB-4773-B086-08D7E553E192}.Release|Win32.ActiveCfg = Release|Win32
		{9249B894-D3BB-4773-B086-08D7E553E192}.Release|Win32.Build.0 = Release|Win32
		{9249B894-D3BB-4773-B086-08D7E553E192}.Release|x64.ActiveCfg = Release|x64
		{9249B894-D3BB-4773-B086-08D7E553E192}.Release|x64.Build.0 = Release|x64
		{9249B894-D3BB-4773-B086-08D7E553E192}.Release|x86.ActiveCfg = Release|Win32
		{9249B894-D3BB-4773-B086-08D7E553E192}.Release|x86.Build.0 = Release|Win32
		{147BC6BE-F3F4-4B67-ABC4-D7B4A6F5CDB3}.Debug|Any CPU.ActiveCfg = Debug|Win32
		{147BC6BE-F3F4-4B67-ABC4-D7B4A6F5CDB3}.Debug|Mixed Platforms.ActiveCfg = Debug|Win32
		{147BC6BE-F3F4-4B67-ABC4-D7B4A6F5CDB3}.Debug|Mixed Platforms.Build.0 = Debug|Win32
		{147BC6BE-F3F4-4B67-ABC4-D7B4A6F5CDB3}.Debug|Win32.ActiveCfg = Debug|Win32
		{147BC6BE-F3F4-4B67-ABC4-D7B4A6F5CDB3}.Debug|Win32.Build.0 = Debug|Win32
		{147BC6BE-F3F4-4B67-ABC4-D7B4A6F5CDB3}.Debug|x64.ActiveCfg = Debug|x64
		{147BC6BE-F3F4-4B67-ABC4-D7B4A6F5CDB3}.Debug|x64.Build.0 = Debug|x64
		{147BC6BE-F3F4-4B67-ABC4-D7B4A6F5CDB3}.Debug|x86.ActiveCfg = Debug|Win32
		{147BC6BE-F3F4-4B67-ABC4-D7B4A6F5CDB3}.Debug|x86.Build.0 = Debug|Win32
		{147BC6BE-F3F4-4B67-ABC4-D7B4A6F5CDB3}.Release|Any CPU.ActiveCfg = Release|Win32
		{147BC6BE-F3F4-4B67-ABC4-D7B4A6F5CDB3}.Release|Mixed Platforms.ActiveCfg = Release|Win32
		{147BC6BE-F3F4-4B67-ABC4-D7B4A6F5CDB3}.Release|Mixed Platforms.Build.0 = Release|Win32
		{147BC6BE-F3F4-4B67-ABC4-D7B4A6F5CDB3}.Release|Win32.ActiveCfg = Release|Win32
		{147BC6BE-F3F4-4B67-ABC4-D7B4A6F5CDB3}.Release|Win32.Build.0 = Release|Win32
		{147BC6BE-F3F4-4B67-ABC4-D7B4A6F5CDB3}.Release|x64.ActiveCfg = Release|x64
		{147BC6BE-F3F4-4B67-ABC4-D7B4A6F5CDB3}.Release|x64.Build.0 = Release|x64
		{147BC6BE-F3F4-4B67-ABC4-D7B4A6F5CDB3}.Release|x86.ActiveCfg = Release|Win32
		{147BC6BE-F3F4-4B67-ABC4-D7B4A6F5CDB3}.Release|x86.Build.0 = Release|Win32
		{3AEEF09F-6A3E-4F73-8D42-6415918CBDFD}.Debug|Any CPU.ActiveCfg = Debug|Win32
		{3AEEF09F-6A3E-4F73-8D42-6415918CBDFD}.Debug|Mixed Platforms.ActiveCfg = Debug|Win32
		{3AEEF09F-6A3E-4F73-8D42-6415918CBDFD}.Debug|Mixed Platforms.Build.0 = Debug|Win32
		{3AEEF09F-6A3E-4F73-8D42-6415918CBDFD}.Debug|Win32.ActiveCfg = Debug|Win32
		{3AEEF09F-6A3E-4F73-8D42-6415918CBDFD}.Debug|Win32.Build.0 = Debug|Win32
		{3AEEF09F-6A3E-4F73-8D42-6415918CBDFD}.Debug|x64.ActiveCfg = Debug|x64
		{3AEEF09F-6A3E-4F73-8D42-6415918CBDFD}.Debug|x64.Build.0 = Debug|x64
		{3AEEF09F-6A3E-4F73-8D42-6415918CBDFD}.Debug|x86.ActiveCfg = Debug|Win32
		{3AEEF09F-6A3E-4F73-8D42-6415918CBDFD}.Debug|x86.Build.0 = Debug|Win32
		{3AEEF09F-6A3E-4F73-8D42-6415918CBDFD}.Release|Any CPU.ActiveCfg = Release|Win32
		{3AEEF09F-6A3E-4F73-8D42-6415918CBDFD}.Release|Mixed Platforms.ActiveCfg = Release|Win32
		{3AEEF09F-6A3E-4F73-8D42-6415918CBDFD}.Release|Mixed Platforms.Build.0 = Release|Win32
		{3AEEF09F-6A3E-4F73-8D42-6415918CBDFD}.Release|Win32.ActiveCfg = Release|Win32
		{3AEEF09F-6A3E-4F73-8D42-6415918CBDFD}.Release|Win32.Build.0 = Release|Win32
		{3AEEF09F-6A3E-4F73-8D42-6415918CBDFD}.Release|x64.ActiveCfg = Release|x64
		{3AEEF09F-6A3E-4F73-8D42-6415918CBDFD}.Release|x64.Build.0 = Release|x64
		{3AEEF09F-6A3E-4F73-8D42-6415918CBDFD}.Release|x86.ActiveCfg = Release|Win32
		{3AEEF09F-6A3E-4F73-8D42-6415918CBDFD}.Release|x86.Build.0 = Release|Win32
	EndGlobalSection
	GlobalSection(SolutionProperties) = preSolution
		HideSolutionNode = FALSE
	EndGlobalSection
	GlobalSection(NestedProjects) = preSolution
		{80078CBF-33A9-409C-A0BD-FC71F52B5AE2} = {C40D92BC-7224-45B9-9295-F07A6014A9F9}
		{D5839C5B-1072-41C4-8976-2EADF527AD7A} = {C40D92BC-7224-45B9-9295-F07A6014A9F9}
		{24D23809-111C-4C2A-AD15-001D205093F0} = {F092697B-E095-4C2C-89AB-87873495252B}
		{C5299AFF-287F-4517-A7CB-F12C9ACE7C57} = {C40D92BC-7224-45B9-9295-F07A6014A9F9}
		{A3DED894-B0D0-400B-B80D-DF9796BCBC7B} = {F2181D77-163D-4172-860C-C8F8EAAFBFD3}
		{E613D2F0-54EB-42CE-8E2E-9715B053043C} = {C40D92BC-7224-45B9-9295-F07A6014A9F9}
		{D51B08D6-458C-45EA-B4B1-D13E931F8079} = {F092697B-E095-4C2C-89AB-87873495252B}
		{DE8A9F45-6CEE-4BFC-9C65-0C55935D9A16} = {F092697B-E095-4C2C-89AB-87873495252B}
		{AF649E3A-C161-4526-9F31-02881B003EEC} = {F2181D77-163D-4172-860C-C8F8EAAFBFD3}
		{496AA9ED-42C4-4215-A0E8-4FA40822E395} = {F2181D77-163D-4172-860C-C8F8EAAFBFD3}
		{AAFE5A50-31BE-4353-97D2-706F797B62A1} = {F2181D77-163D-4172-860C-C8F8EAAFBFD3}
		{75BDDCEA-B0E1-4A7C-AC0E-748911E15D88} = {F092697B-E095-4C2C-89AB-87873495252B}
		{01277B92-F915-455F-A7A8-1369D300B634} = {F092697B-E095-4C2C-89AB-87873495252B}
		{09A6A459-D194-4480-87F5-5B1B9E4226D9} = {F2181D77-163D-4172-860C-C8F8EAAFBFD3}
		{E1F89C96-1E73-49C4-A5CD-DE6ADFFEE129} = {F092697B-E095-4C2C-89AB-87873495252B}
		{69CC7D50-BB82-4092-9E07-855E83D31DF1} = {F092697B-E095-4C2C-89AB-87873495252B}
		{AEE63648-E67B-4923-8F83-7F0936CE95AE} = {F092697B-E095-4C2C-89AB-87873495252B}
		{75A0C4E7-9457-481B-8987-374393B7EC23} = {C40D92BC-7224-45B9-9295-F07A6014A9F9}
		{4436C23A-967B-481D-B41C-EDE862C331EA} = {F092697B-E095-4C2C-89AB-87873495252B}
		{4DE6868E-B135-4A76-B212-DD23C0740F2F} = {F092697B-E095-4C2C-89AB-87873495252B}
		{2369670A-DC3D-49EF-A80F-EA214A27215C} = {C40D92BC-7224-45B9-9295-F07A6014A9F9}
		{A2F531C4-001A-456F-B9DF-344C6EECD36D} = {C40D92BC-7224-45B9-9295-F07A6014A9F9}
		{C00FA4D4-5E85-4AC3-A658-05C550A3B7CE} = {C40D92BC-7224-45B9-9295-F07A6014A9F9}
		{4B72553E-D4B8-40C4-959B-E3BFDF9599D5} = {F092697B-E095-4C2C-89AB-87873495252B}
		{5971E01B-E2FF-4E1B-90B5-3EED4C4B9218} = {F092697B-E095-4C2C-89AB-87873495252B}
		{536A85C0-A54E-4573-8304-71F76D25D560} = {F092697B-E095-4C2C-89AB-87873495252B}
		{9249B894-D3BB-4773-B086-08D7E553E192} = {F092697B-E095-4C2C-89AB-87873495252B}
		{147BC6BE-F3F4-4B67-ABC4-D7B4A6F5CDB3} = {C40D92BC-7224-45B9-9295-F07A6014A9F9}
		{3AEEF09F-6A3E-4F73-8D42-6415918CBDFD} = {F092697B-E095-4C2C-89AB-87873495252B}
	EndGlobalSection
EndGlobal
